PODS:
  - IQKeyboardManagerSwift (6.5.6)
  - NNPlateKeyboard (1.4.3):
    - SnapKit
    - SwiftExpand
  - SnapKit (5.0.1)
  - SwiftExpand (7.10.0)

DEPENDENCIES:
  - IQKeyboardManagerSwift
  - NNPlateKeyboard (from `../`)

SPEC REPOS:
  https://github.com/CocoaPods/Specs.git:
    - IQKeyboardManagerSwift
    - SnapKit
    - SwiftExpand

EXTERNAL SOURCES:
  NNPlateKeyboard:
    :path: "../"

SPEC CHECKSUMS:
  IQKeyboardManagerSwift: c7df9d2deb356c04522f5c4b7b6e4ce4d8ed94fe
  NNPlateKeyboard: f2f8b9aea1ca02c3bc2653c751b185362901e2f3
  SnapKit: 97b92857e3df3a0c71833cce143274bf6ef8e5eb
  SwiftExpand: 0fbe2d2bbc171d3446b5d2d7bb158568799890bc

PODFILE CHECKSUM: 2a3159e406f05dea75912e74a574f71c91ee0660

COCOAPODS: 1.10.1
