PODS:
  - IQKeyboardManagerSwift (6.5.6)
  - NNPlateKeyboard (2.0.0):
    - SnapKit
    - SwiftExpand
  - SnapKit (5.0.1)
  - SwiftExpand (8.1.1)

DEPENDENCIES:
  - IQKeyboardManagerSwift
  - NNPlateKeyboard (from `../`)

SPEC REPOS:
  https://github.com/CocoaPods/Specs.git:
    - IQKeyboardManagerSwift
    - SnapKit
    - SwiftExpand

EXTERNAL SOURCES:
  NNPlateKeyboard:
    :path: "../"

SPEC CHECKSUMS:
  IQKeyboardManagerSwift: c7df9d2deb356c04522f5c4b7b6e4ce4d8ed94fe
  NNPlateKeyboard: 05ecd83bc4b8d3b3e340816f4a07a627f49e3046
  SnapKit: 97b92857e3df3a0c71833cce143274bf6ef8e5eb
  SwiftExpand: 03d366642f986bf87aca22d80ade9de140d3cab0

PODFILE CHECKSUM: 2a3159e406f05dea75912e74a574f71c91ee0660

COCOAPODS: 1.12.0
